
Microsoft Visual Studio Solution File, Format Version 12.00
# Visual Studio Version 17
VisualStudioVersion = 17.3.32929.385
MinimumVisualStudioVersion = 10.0.40219.1
Project("{8BC9CEB8-8B4A-11D0-8D11-00A0C91BC942}") = "里氏代换原则", "里氏代换原则\里氏代换原则.vcxproj", "{218DD181-D8EB-4C24-B381-155D01B55C1A}"
EndProject
Global
	GlobalSection(SolutionConfigurationPlatforms) = preSolution
		Debug|x64 = Debug|x64
		Debug|x86 = Debug|x86
		Release|x64 = Release|x64
		Release|x86 = Release|x86
	EndGlobalSection
	GlobalSection(ProjectConfigurationPlatforms) = postSolution
		{218DD181-D8EB-4C24-B381-155D01B55C1A}.Debug|x64.ActiveCfg = Debug|x64
		{218DD181-D8EB-4C24-B381-155D01B55C1A}.Debug|x64.Build.0 = Debug|x64
		{218DD181-D8EB-4C24-B381-155D01B55C1A}.Debug|x86.ActiveCfg = Debug|Win32
		{218DD181-D8EB-4C24-B381-155D01B55C1A}.Debug|x86.Build.0 = Debug|Win32
		{218DD181-D8EB-4C24-B381-155D01B55C1A}.Release|x64.ActiveCfg = Release|x64
		{218DD181-D8EB-4C24-B381-155D01B55C1A}.Release|x64.Build.0 = Release|x64
		{218DD181-D8EB-4C24-B381-155D01B55C1A}.Release|x86.ActiveCfg = Release|Win32
		{218DD181-D8EB-4C24-B381-155D01B55C1A}.Release|x86.Build.0 = Release|Win32
	EndGlobalSection
	GlobalSection(SolutionProperties) = preSolution
		HideSolutionNode = FALSE
	EndGlobalSection
	GlobalSection(ExtensibilityGlobals) = postSolution
		SolutionGuid = {DED61EE4-5EE3-481D-B4B3-8258BD14101B}
	EndGlobalSection
EndGlobal
